
Microsoft Visual Studio Solution File, Format Version 12.00
# Visual Studio Version 17
VisualStudioVersion = 17.2.32602.215
MinimumVisualStudioVersion = 10.0.40219.1
Project("{FAE04EC0-301F-11D3-BF4B-00C04F79EFBC}") = "LAB2", "LAB2\LAB2.csproj", "{F80DB777-A8EF-420F-97E0-79B430241BB1}"
EndProject
Global
	GlobalSection(SolutionConfigurationPlatforms) = preSolution
		Debug|Any CPU = Debug|Any CPU
		Release|Any CPU = Release|Any CPU
	EndGlobalSection
	GlobalSection(ProjectConfigurationPlatforms) = postSolution
		{F80DB777-A8EF-420F-97E0-79B430241BB1}.Debug|Any CPU.ActiveCfg = Debug|Any CPU
		{F80DB777-A8EF-420F-97E0-79B430241BB1}.Debug|Any CPU.Build.0 = Debug|Any CPU
		{F80DB777-A8EF-420F-97E0-79B430241BB1}.Release|Any CPU.ActiveCfg = Release|Any CPU
		{F80DB777-A8EF-420F-97E0-79B430241BB1}.Release|Any CPU.Build.0 = Release|Any CPU
	EndGlobalSection
	GlobalSection(SolutionProperties) = preSolution
		HideSolutionNode = FALSE
	EndGlobalSection
	GlobalSection(ExtensibilityGlobals) = postSolution
		SolutionGuid = {F6ED3E4D-4F35-43C0-9223-9BD6B4AABDDF}
	EndGlobalSection
EndGlobal
